
Microsoft Visual Studio Solution File, Format Version 12.00
# Visual Studio Version 16
VisualStudioVersion = 16.0.31019.35
MinimumVisualStudioVersion = 10.0.40219.1
Project("{9A19103F-16F7-4668-BE54-9A1E7A4F7556}") = "MachineCodeProject.BL", "MachineCodeProject.BL\MachineCodeProject.BL.csproj", "{985BBBF3-50E0-43BF-9CB4-883C84F086B4}"
EndProject
Project("{9A19103F-16F7-4668-BE54-9A1E7A4F7556}") = "MachineCodeProject.CMD", "MachineCodeProject.CMD\MachineCodeProject.CMD.csproj", "{9620B2B5-B3BD-4334-80FF-2D48FB9D156E}"
EndProject
Project("{9A19103F-16F7-4668-BE54-9A1E7A4F7556}") = "MachineCodeProject.ViewWinForm", "MachineCodeProject.ViewWinForm\MachineCodeProject.ViewWinForm.csproj", "{3DD741A8-59A9-4CFF-9609-CB1E117B82DB}"
EndProject
Global
	GlobalSection(SolutionConfigurationPlatforms) = preSolution
		Debug|Any CPU = Debug|Any CPU
		Release|Any CPU = Release|Any CPU
	EndGlobalSection
	GlobalSection(ProjectConfigurationPlatforms) = postSolution
		{985BBBF3-50E0-43BF-9CB4-883C84F086B4}.Debug|Any CPU.ActiveCfg = Debug|Any CPU
		{985BBBF3-50E0-43BF-9CB4-883C84F086B4}.Debug|Any CPU.Build.0 = Debug|Any CPU
		{985BBBF3-50E0-43BF-9CB4-883C84F086B4}.Release|Any CPU.ActiveCfg = Release|Any CPU
		{985BBBF3-50E0-43BF-9CB4-883C84F086B4}.Release|Any CPU.Build.0 = Release|Any CPU
		{9620B2B5-B3BD-4334-80FF-2D48FB9D156E}.Debug|Any CPU.ActiveCfg = Debug|Any CPU
		{9620B2B5-B3BD-4334-80FF-2D48FB9D156E}.Debug|Any CPU.Build.0 = Debug|Any CPU
		{9620B2B5-B3BD-4334-80FF-2D48FB9D156E}.Release|Any CPU.ActiveCfg = Release|Any CPU
		{9620B2B5-B3BD-4334-80FF-2D48FB9D156E}.Release|Any CPU.Build.0 = Release|Any CPU
		{3DD741A8-59A9-4CFF-9609-CB1E117B82DB}.Debug|Any CPU.ActiveCfg = Debug|Any CPU
		{3DD741A8-59A9-4CFF-9609-CB1E117B82DB}.Debug|Any CPU.Build.0 = Debug|Any CPU
		{3DD741A8-59A9-4CFF-9609-CB1E117B82DB}.Release|Any CPU.ActiveCfg = Release|Any CPU
		{3DD741A8-59A9-4CFF-9609-CB1E117B82DB}.Release|Any CPU.Build.0 = Release|Any CPU
	EndGlobalSection
	GlobalSection(SolutionProperties) = preSolution
		HideSolutionNode = FALSE
	EndGlobalSection
	GlobalSection(ExtensibilityGlobals) = postSolution
		SolutionGuid = {97B71199-3D0C-46F8-B5A2-090884AE16DF}
	EndGlobalSection
EndGlobal
